
Microsoft Visual Studio Solution File, Format Version 12.00
# Visual Studio 15
VisualStudioVersion = 15.0.27004.2005
MinimumVisualStudioVersion = 10.0.40219.1
Project("{FAE04EC0-301F-11D3-BF4B-00C04F79EFBC}") = "conc", "conc\conc.csproj", "{00DC82C0-26F9-43FF-BEFC-3D7EF263F008}"
EndProject
Global
	GlobalSection(SolutionConfigurationPlatforms) = preSolution
		Debug|Any CPU = Debug|Any CPU
		Release|Any CPU = Release|Any CPU
	EndGlobalSection
	GlobalSection(ProjectConfigurationPlatforms) = postSolution
		{00DC82C0-26F9-43FF-BEFC-3D7EF263F008}.Debug|Any CPU.ActiveCfg = Debug|Any CPU
		{00DC82C0-26F9-43FF-BEFC-3D7EF263F008}.Debug|Any CPU.Build.0 = Debug|Any CPU
		{00DC82C0-26F9-43FF-BEFC-3D7EF263F008}.Release|Any CPU.ActiveCfg = Release|Any CPU
		{00DC82C0-26F9-43FF-BEFC-3D7EF263F008}.Release|Any CPU.Build.0 = Release|Any CPU
	EndGlobalSection
	GlobalSection(SolutionProperties) = preSolution
		HideSolutionNode = FALSE
	EndGlobalSection
	GlobalSection(ExtensibilityGlobals) = postSolution
		SolutionGuid = {100F5CF1-3CF1-486C-954A-F37439E3234D}
	EndGlobalSection
EndGlobal
